
Microsoft Visual Studio Solution File, Format Version 12.00
# Visual Studio Version 17
VisualStudioVersion = 17.6.33815.320
MinimumVisualStudioVersion = 10.0.40219.1
Project("{888888A0-9F3D-457C-B088-3A5042F75D52}") = "Data Hiding", "Data Hiding\Data Hiding.pyproj", "{2CA90F75-65CB-4A2C-867B-00ED0A90098A}"
EndProject
Global
	GlobalSection(SolutionConfigurationPlatforms) = preSolution
		Debug|Any CPU = Debug|Any CPU
		Release|Any CPU = Release|Any CPU
	EndGlobalSection
	GlobalSection(ProjectConfigurationPlatforms) = postSolution
		{2CA90F75-65CB-4A2C-867B-00ED0A90098A}.Debug|Any CPU.ActiveCfg = Debug|Any CPU
		{2CA90F75-65CB-4A2C-867B-00ED0A90098A}.Release|Any CPU.ActiveCfg = Release|Any CPU
	EndGlobalSection
	GlobalSection(SolutionProperties) = preSolution
		HideSolutionNode = FALSE
	EndGlobalSection
	GlobalSection(ExtensibilityGlobals) = postSolution
		SolutionGuid = {1446C256-7DC3-486E-A39C-A0020730DFBE}
	EndGlobalSection
EndGlobal
