
Microsoft Visual Studio Solution File, Format Version 12.00
# Visual Studio Version 17
VisualStudioVersion = 17.6.33815.320
MinimumVisualStudioVersion = 10.0.40219.1
Project("{888888A0-9F3D-457C-B088-3A5042F75D52}") = "Character Classes", "Character Classes\Character Classes.pyproj", "{83F5C0FB-76F3-4D19-9655-467E09C1ABF5}"
EndProject
Global
	GlobalSection(SolutionConfigurationPlatforms) = preSolution
		Debug|Any CPU = Debug|Any CPU
		Release|Any CPU = Release|Any CPU
	EndGlobalSection
	GlobalSection(ProjectConfigurationPlatforms) = postSolution
		{83F5C0FB-76F3-4D19-9655-467E09C1ABF5}.Debug|Any CPU.ActiveCfg = Debug|Any CPU
		{83F5C0FB-76F3-4D19-9655-467E09C1ABF5}.Release|Any CPU.ActiveCfg = Release|Any CPU
	EndGlobalSection
	GlobalSection(SolutionProperties) = preSolution
		HideSolutionNode = FALSE
	EndGlobalSection
	GlobalSection(ExtensibilityGlobals) = postSolution
		SolutionGuid = {F492928E-5DCD-44A9-849B-CF0FDF6F3856}
	EndGlobalSection
EndGlobal
