
Microsoft Visual Studio Solution File, Format Version 12.00
# Visual Studio Version 17
VisualStudioVersion = 17.6.33815.320
MinimumVisualStudioVersion = 10.0.40219.1
Project("{888888A0-9F3D-457C-B088-3A5042F75D52}") = "Generators 2", "Generators 2\Generators 2.pyproj", "{D1308575-95D2-47E7-89DE-470B71CB4F82}"
EndProject
Global
	GlobalSection(SolutionConfigurationPlatforms) = preSolution
		Debug|Any CPU = Debug|Any CPU
		Release|Any CPU = Release|Any CPU
	EndGlobalSection
	GlobalSection(ProjectConfigurationPlatforms) = postSolution
		{D1308575-95D2-47E7-89DE-470B71CB4F82}.Debug|Any CPU.ActiveCfg = Debug|Any CPU
		{D1308575-95D2-47E7-89DE-470B71CB4F82}.Release|Any CPU.ActiveCfg = Release|Any CPU
	EndGlobalSection
	GlobalSection(SolutionProperties) = preSolution
		HideSolutionNode = FALSE
	EndGlobalSection
	GlobalSection(ExtensibilityGlobals) = postSolution
		SolutionGuid = {215E14EB-4749-4052-B97F-AFC14432DD45}
	EndGlobalSection
EndGlobal
