
Microsoft Visual Studio Solution File, Format Version 12.00
# Visual Studio Version 17
VisualStudioVersion = 17.6.33815.320
MinimumVisualStudioVersion = 10.0.40219.1
Project("{888888A0-9F3D-457C-B088-3A5042F75D52}") = "Module 9 quiz", "Module 9 quiz\Module 9 quiz.pyproj", "{5C04F950-5132-473F-9F29-3FA1DEF02679}"
EndProject
Global
	GlobalSection(SolutionConfigurationPlatforms) = preSolution
		Debug|Any CPU = Debug|Any CPU
		Release|Any CPU = Release|Any CPU
	EndGlobalSection
	GlobalSection(ProjectConfigurationPlatforms) = postSolution
		{5C04F950-5132-473F-9F29-3FA1DEF02679}.Debug|Any CPU.ActiveCfg = Debug|Any CPU
		{5C04F950-5132-473F-9F29-3FA1DEF02679}.Release|Any CPU.ActiveCfg = Release|Any CPU
	EndGlobalSection
	GlobalSection(SolutionProperties) = preSolution
		HideSolutionNode = FALSE
	EndGlobalSection
	GlobalSection(ExtensibilityGlobals) = postSolution
		SolutionGuid = {2D32C98F-15F8-4A80-8350-BD8AC004762B}
	EndGlobalSection
EndGlobal
