
Microsoft Visual Studio Solution File, Format Version 12.00
# Visual Studio Version 17
VisualStudioVersion = 17.6.33815.320
MinimumVisualStudioVersion = 10.0.40219.1
Project("{888888A0-9F3D-457C-B088-3A5042F75D52}") = "tuple unpucking", "tuple unpucking\tuple unpucking.pyproj", "{03C3C444-6FE0-4654-A337-E78C53F07B0E}"
EndProject
Global
	GlobalSection(SolutionConfigurationPlatforms) = preSolution
		Debug|Any CPU = Debug|Any CPU
		Release|Any CPU = Release|Any CPU
	EndGlobalSection
	GlobalSection(ProjectConfigurationPlatforms) = postSolution
		{03C3C444-6FE0-4654-A337-E78C53F07B0E}.Debug|Any CPU.ActiveCfg = Debug|Any CPU
		{03C3C444-6FE0-4654-A337-E78C53F07B0E}.Release|Any CPU.ActiveCfg = Release|Any CPU
	EndGlobalSection
	GlobalSection(SolutionProperties) = preSolution
		HideSolutionNode = FALSE
	EndGlobalSection
	GlobalSection(ExtensibilityGlobals) = postSolution
		SolutionGuid = {7D30C37D-D829-4DE9-85CD-0BC7033D97DD}
	EndGlobalSection
EndGlobal
