
Microsoft Visual Studio Solution File, Format Version 12.00
# Visual Studio Version 17
VisualStudioVersion = 17.6.33815.320
MinimumVisualStudioVersion = 10.0.40219.1
Project("{888888A0-9F3D-457C-B088-3A5042F75D52}") = "map and filter", "map and filter\map and filter.pyproj", "{A0433437-1A2A-4579-8CC9-4EDFF1F88EEB}"
EndProject
Global
	GlobalSection(SolutionConfigurationPlatforms) = preSolution
		Debug|Any CPU = Debug|Any CPU
		Release|Any CPU = Release|Any CPU
	EndGlobalSection
	GlobalSection(ProjectConfigurationPlatforms) = postSolution
		{A0433437-1A2A-4579-8CC9-4EDFF1F88EEB}.Debug|Any CPU.ActiveCfg = Debug|Any CPU
		{A0433437-1A2A-4579-8CC9-4EDFF1F88EEB}.Release|Any CPU.ActiveCfg = Release|Any CPU
	EndGlobalSection
	GlobalSection(SolutionProperties) = preSolution
		HideSolutionNode = FALSE
	EndGlobalSection
	GlobalSection(ExtensibilityGlobals) = postSolution
		SolutionGuid = {38438DB7-AA5B-4383-A109-16696EC5EB21}
	EndGlobalSection
EndGlobal
