
Microsoft Visual Studio Solution File, Format Version 12.00
# Visual Studio Version 17
VisualStudioVersion = 17.6.33815.320
MinimumVisualStudioVersion = 10.0.40219.1
Project("{888888A0-9F3D-457C-B088-3A5042F75D52}") = "autoficatrion_with_re", "autoficatrion_with_re\autoficatrion_with_re.pyproj", "{D2965705-4FFE-481E-BD44-CB4C28F3F575}"
EndProject
Global
	GlobalSection(SolutionConfigurationPlatforms) = preSolution
		Debug|Any CPU = Debug|Any CPU
		Release|Any CPU = Release|Any CPU
	EndGlobalSection
	GlobalSection(ProjectConfigurationPlatforms) = postSolution
		{D2965705-4FFE-481E-BD44-CB4C28F3F575}.Debug|Any CPU.ActiveCfg = Debug|Any CPU
		{D2965705-4FFE-481E-BD44-CB4C28F3F575}.Release|Any CPU.ActiveCfg = Release|Any CPU
	EndGlobalSection
	GlobalSection(SolutionProperties) = preSolution
		HideSolutionNode = FALSE
	EndGlobalSection
	GlobalSection(ExtensibilityGlobals) = postSolution
		SolutionGuid = {9DA5DCF9-43C1-4D3F-A251-91E47190DC80}
	EndGlobalSection
EndGlobal
