
Microsoft Visual Studio Solution File, Format Version 12.00
# Visual Studio Version 17
VisualStudioVersion = 17.6.33815.320
MinimumVisualStudioVersion = 10.0.40219.1
Project("{888888A0-9F3D-457C-B088-3A5042F75D52}") = "Email Extraction", "Email Extraction\Email Extraction.pyproj", "{26B03ACD-5648-425D-A753-AADACC5DC714}"
EndProject
Global
	GlobalSection(SolutionConfigurationPlatforms) = preSolution
		Debug|Any CPU = Debug|Any CPU
		Release|Any CPU = Release|Any CPU
	EndGlobalSection
	GlobalSection(ProjectConfigurationPlatforms) = postSolution
		{26B03ACD-5648-425D-A753-AADACC5DC714}.Debug|Any CPU.ActiveCfg = Debug|Any CPU
		{26B03ACD-5648-425D-A753-AADACC5DC714}.Release|Any CPU.ActiveCfg = Release|Any CPU
	EndGlobalSection
	GlobalSection(SolutionProperties) = preSolution
		HideSolutionNode = FALSE
	EndGlobalSection
	GlobalSection(ExtensibilityGlobals) = postSolution
		SolutionGuid = {7CE0D0EC-BB67-4473-B1AA-896D59AF56A2}
	EndGlobalSection
EndGlobal
