
Microsoft Visual Studio Solution File, Format Version 12.00
# Visual Studio Version 17
VisualStudioVersion = 17.6.33815.320
MinimumVisualStudioVersion = 10.0.40219.1
Project("{888888A0-9F3D-457C-B088-3A5042F75D52}") = "Generators", "Generators\Generators.pyproj", "{33E34A90-9CCF-485B-A149-00E80D49F423}"
EndProject
Global
	GlobalSection(SolutionConfigurationPlatforms) = preSolution
		Debug|Any CPU = Debug|Any CPU
		Release|Any CPU = Release|Any CPU
	EndGlobalSection
	GlobalSection(ProjectConfigurationPlatforms) = postSolution
		{33E34A90-9CCF-485B-A149-00E80D49F423}.Debug|Any CPU.ActiveCfg = Debug|Any CPU
		{33E34A90-9CCF-485B-A149-00E80D49F423}.Release|Any CPU.ActiveCfg = Release|Any CPU
	EndGlobalSection
	GlobalSection(SolutionProperties) = preSolution
		HideSolutionNode = FALSE
	EndGlobalSection
	GlobalSection(ExtensibilityGlobals) = postSolution
		SolutionGuid = {C9C0C166-746E-434C-9B6C-66D8CC3A353C}
	EndGlobalSection
EndGlobal
