
Microsoft Visual Studio Solution File, Format Version 12.00
# Visual Studio Version 17
VisualStudioVersion = 17.6.33815.320
MinimumVisualStudioVersion = 10.0.40219.1
Project("{888888A0-9F3D-457C-B088-3A5042F75D52}") = "Regular Expressions", "Regular Expressions\Regular Expressions.pyproj", "{3BDF0F57-FCD0-4A5A-BFA3-6EE66A337A03}"
EndProject
Global
	GlobalSection(SolutionConfigurationPlatforms) = preSolution
		Debug|Any CPU = Debug|Any CPU
		Release|Any CPU = Release|Any CPU
	EndGlobalSection
	GlobalSection(ProjectConfigurationPlatforms) = postSolution
		{3BDF0F57-FCD0-4A5A-BFA3-6EE66A337A03}.Debug|Any CPU.ActiveCfg = Debug|Any CPU
		{3BDF0F57-FCD0-4A5A-BFA3-6EE66A337A03}.Release|Any CPU.ActiveCfg = Release|Any CPU
	EndGlobalSection
	GlobalSection(SolutionProperties) = preSolution
		HideSolutionNode = FALSE
	EndGlobalSection
	GlobalSection(ExtensibilityGlobals) = postSolution
		SolutionGuid = {B9724883-8331-4F82-9F97-727DE0898F04}
	EndGlobalSection
EndGlobal
