
Microsoft Visual Studio Solution File, Format Version 12.00
# Visual Studio Version 17
VisualStudioVersion = 17.6.33815.320
MinimumVisualStudioVersion = 10.0.40219.1
Project("{888888A0-9F3D-457C-B088-3A5042F75D52}") = "Groups re", "Groups re\Groups re.pyproj", "{DC4B9307-F19E-4F79-A99C-2C4614D8CE84}"
EndProject
Global
	GlobalSection(SolutionConfigurationPlatforms) = preSolution
		Debug|Any CPU = Debug|Any CPU
		Release|Any CPU = Release|Any CPU
	EndGlobalSection
	GlobalSection(ProjectConfigurationPlatforms) = postSolution
		{DC4B9307-F19E-4F79-A99C-2C4614D8CE84}.Debug|Any CPU.ActiveCfg = Debug|Any CPU
		{DC4B9307-F19E-4F79-A99C-2C4614D8CE84}.Release|Any CPU.ActiveCfg = Release|Any CPU
	EndGlobalSection
	GlobalSection(SolutionProperties) = preSolution
		HideSolutionNode = FALSE
	EndGlobalSection
	GlobalSection(ExtensibilityGlobals) = postSolution
		SolutionGuid = {DBA8381A-2958-49C6-8527-4C38DE5FC8C5}
	EndGlobalSection
EndGlobal
