
Microsoft Visual Studio Solution File, Format Version 12.00
# Visual Studio Version 17
VisualStudioVersion = 17.6.33815.320
MinimumVisualStudioVersion = 10.0.40219.1
Project("{888888A0-9F3D-457C-B088-3A5042F75D52}") = "try selenium", "try selenium\try selenium.pyproj", "{C22E5D17-1068-4968-96A6-65853ECC47D4}"
EndProject
Global
	GlobalSection(SolutionConfigurationPlatforms) = preSolution
		Debug|Any CPU = Debug|Any CPU
		Release|Any CPU = Release|Any CPU
	EndGlobalSection
	GlobalSection(ProjectConfigurationPlatforms) = postSolution
		{C22E5D17-1068-4968-96A6-65853ECC47D4}.Debug|Any CPU.ActiveCfg = Debug|Any CPU
		{C22E5D17-1068-4968-96A6-65853ECC47D4}.Release|Any CPU.ActiveCfg = Release|Any CPU
	EndGlobalSection
	GlobalSection(SolutionProperties) = preSolution
		HideSolutionNode = FALSE
	EndGlobalSection
	GlobalSection(ExtensibilityGlobals) = postSolution
		SolutionGuid = {DDE04BDD-C53F-4AF7-ACF4-352201208FDD}
	EndGlobalSection
EndGlobal
