
Microsoft Visual Studio Solution File, Format Version 12.00
# Visual Studio Version 17
VisualStudioVersion = 17.6.33815.320
MinimumVisualStudioVersion = 10.0.40219.1
Project("{888888A0-9F3D-457C-B088-3A5042F75D52}") = "more e", "more e\more e.pyproj", "{42837CC8-2D65-4658-8884-7107F07EB5B2}"
EndProject
Global
	GlobalSection(SolutionConfigurationPlatforms) = preSolution
		Debug|Any CPU = Debug|Any CPU
		Release|Any CPU = Release|Any CPU
	EndGlobalSection
	GlobalSection(ProjectConfigurationPlatforms) = postSolution
		{42837CC8-2D65-4658-8884-7107F07EB5B2}.Debug|Any CPU.ActiveCfg = Debug|Any CPU
		{42837CC8-2D65-4658-8884-7107F07EB5B2}.Release|Any CPU.ActiveCfg = Release|Any CPU
	EndGlobalSection
	GlobalSection(SolutionProperties) = preSolution
		HideSolutionNode = FALSE
	EndGlobalSection
	GlobalSection(ExtensibilityGlobals) = postSolution
		SolutionGuid = {C1075BBE-EA6E-4102-A5AE-D4B84F8666B0}
	EndGlobalSection
EndGlobal
