
Microsoft Visual Studio Solution File, Format Version 12.00
# Visual Studio Version 17
VisualStudioVersion = 17.6.33815.320
MinimumVisualStudioVersion = 10.0.40219.1
Project("{888888A0-9F3D-457C-B088-3A5042F75D52}") = "Task else with for", "Task else with for\Task else with for.pyproj", "{FB16F49C-DEDB-4DCA-9E75-22556A66E3C6}"
EndProject
Global
	GlobalSection(SolutionConfigurationPlatforms) = preSolution
		Debug|Any CPU = Debug|Any CPU
		Release|Any CPU = Release|Any CPU
	EndGlobalSection
	GlobalSection(ProjectConfigurationPlatforms) = postSolution
		{FB16F49C-DEDB-4DCA-9E75-22556A66E3C6}.Debug|Any CPU.ActiveCfg = Debug|Any CPU
		{FB16F49C-DEDB-4DCA-9E75-22556A66E3C6}.Release|Any CPU.ActiveCfg = Release|Any CPU
	EndGlobalSection
	GlobalSection(SolutionProperties) = preSolution
		HideSolutionNode = FALSE
	EndGlobalSection
	GlobalSection(ExtensibilityGlobals) = postSolution
		SolutionGuid = {51B56466-3928-40D3-8F45-93BF3667FE44}
	EndGlobalSection
EndGlobal
